// !$*UTF8*$!
{
	archiveVersion = 1;
	classes = {
	};
	objectVersion = 52;
	objects = {

/* Begin PBXBuildFile section */
		28EC1E2B8DAB296CE6B995F8 /* Pods_MeatModeler_MeatModelerUITests.framework in Frameworks */ = {isa = PBXBuildFile; fileRef = A9C04C3F889FCF42F9CCEEAD /* Pods_MeatModeler_MeatModelerUITests.framework */; };
		5909628C731A7A0A634819E9 /* Pods_MeatModelerTests.framework in Frameworks */ = {isa = PBXBuildFile; fileRef = EA8124AC7E1DF0A9D51CDA18 /* Pods_MeatModelerTests.framework */; };
		AA35ADB42634AA1D002C8B8B /* PorkTenderloinModel.swift in Sources */ = {isa = PBXBuildFile; fileRef = AA35ADB32634AA1D002C8B8B /* PorkTenderloinModel.swift */; };
		AA35ADBF2634E6B5002C8B8B /* test_model.tflite in Resources */ = {isa = PBXBuildFile; fileRef = AA35ADBE2634E6B5002C8B8B /* test_model.tflite */; };
		AA35ADC726366093002C8B8B /* pork_tenderloin.tflite in Resources */ = {isa = PBXBuildFile; fileRef = AA35ADC626366093002C8B8B /* pork_tenderloin.tflite */; };
		AAD18485262BA124001E7E76 /* MeatModelerApp.swift in Sources */ = {isa = PBXBuildFile; fileRef = AAD18484262BA124001E7E76 /* MeatModelerApp.swift */; };
		AAD18487262BA124001E7E76 /* MainView.swift in Sources */ = {isa = PBXBuildFile; fileRef = AAD18486262BA124001E7E76 /* MainView.swift */; };
		AAD18489262BA12C001E7E76 /* Assets.xcassets in Resources */ = {isa = PBXBuildFile; fileRef = AAD18488262BA12C001E7E76 /* Assets.xcassets */; };
		AAD1848C262BA12C001E7E76 /* Preview Assets.xcassets in Resources */ = {isa = PBXBuildFile; fileRef = AAD1848B262BA12C001E7E76 /* Preview Assets.xcassets */; };
		AAD18497262BA12C001E7E76 /* MeatModelerTests.swift in Sources */ = {isa = PBXBuildFile; fileRef = AAD18496262BA12C001E7E76 /* MeatModelerTests.swift */; };
		AAD184A2262BA12C001E7E76 /* MeatModelerUITests.swift in Sources */ = {isa = PBXBuildFile; fileRef = AAD184A1262BA12C001E7E76 /* MeatModelerUITests.swift */; };
		AAD184BA262BA6F0001E7E76 /* ConfigurationView.swift in Sources */ = {isa = PBXBuildFile; fileRef = AAD184B9262BA6F0001E7E76 /* ConfigurationView.swift */; };
		AAD184C2262BA882001E7E76 /* Configuration.swift in Sources */ = {isa = PBXBuildFile; fileRef = AAD184C1262BA882001E7E76 /* Configuration.swift */; };
		AAD184C8262BCCBA001E7E76 /* SwiftUICharts in Frameworks */ = {isa = PBXBuildFile; productRef = AAD184C7262BCCBA001E7E76 /* SwiftUICharts */; };
		AAD184CD262BCDE2001E7E76 /* ResultsView.swift in Sources */ = {isa = PBXBuildFile; fileRef = AAD184CC262BCDE2001E7E76 /* ResultsView.swift */; };
		C762071C07F08C46EC1749F6 /* Pods_MeatModeler.framework in Frameworks */ = {isa = PBXBuildFile; fileRef = B1BF65985D23E548D45AC876 /* Pods_MeatModeler.framework */; };
/* End PBXBuildFile section */

/* Begin PBXContainerItemProxy section */
		AAD18493262BA12C001E7E76 /* PBXContainerItemProxy */ = {
			isa = PBXContainerItemProxy;
			containerPortal = AAD18479262BA124001E7E76 /* Project object */;
			proxyType = 1;
			remoteGlobalIDString = AAD18480262BA124001E7E76;
			remoteInfo = MeatModeler;
		};
		AAD1849E262BA12C001E7E76 /* PBXContainerItemProxy */ = {
			isa = PBXContainerItemProxy;
			containerPortal = AAD18479262BA124001E7E76 /* Project object */;
			proxyType = 1;
			remoteGlobalIDString = AAD18480262BA124001E7E76;
			remoteInfo = MeatModeler;
		};
/* End PBXContainerItemProxy section */

/* Begin PBXFileReference section */
		0966DC2A6B392D2C2DC3028C /* Pods-MeatModeler-MeatModelerUITests.debug.xcconfig */ = {isa = PBXFileReference; includeInIndex = 1; lastKnownFileType = text.xcconfig; name = "Pods-MeatModeler-MeatModelerUITests.debug.xcconfig"; path = "Target Support Files/Pods-MeatModeler-MeatModelerUITests/Pods-MeatModeler-MeatModelerUITests.debug.xcconfig"; sourceTree = "<group>"; };
		477616846EB9751FA46D3912 /* Pods-MeatModeler.debug.xcconfig */ = {isa = PBXFileReference; includeInIndex = 1; lastKnownFileType = text.xcconfig; name = "Pods-MeatModeler.debug.xcconfig"; path = "Target Support Files/Pods-MeatModeler/Pods-MeatModeler.debug.xcconfig"; sourceTree = "<group>"; };
		74C237214DDA8EC0C6FDD2FE /* Pods-MeatModeler.release.xcconfig */ = {isa = PBXFileReference; includeInIndex = 1; lastKnownFileType = text.xcconfig; name = "Pods-MeatModeler.release.xcconfig"; path = "Target Support Files/Pods-MeatModeler/Pods-MeatModeler.release.xcconfig"; sourceTree = "<group>"; };
		8AD1CB8D3EBBA49ACA0B248E /* Pods-MeatModeler-MeatModelerUITests.release.xcconfig */ = {isa = PBXFileReference; includeInIndex = 1; lastKnownFileType = text.xcconfig; name = "Pods-MeatModeler-MeatModelerUITests.release.xcconfig"; path = "Target Support Files/Pods-MeatModeler-MeatModelerUITests/Pods-MeatModeler-MeatModelerUITests.release.xcconfig"; sourceTree = "<group>"; };
		A9C04C3F889FCF42F9CCEEAD /* Pods_MeatModeler_MeatModelerUITests.framework */ = {isa = PBXFileReference; explicitFileType = wrapper.framework; includeInIndex = 0; path = Pods_MeatModeler_MeatModelerUITests.framework; sourceTree = BUILT_PRODUCTS_DIR; };
		AA35ADB32634AA1D002C8B8B /* PorkTenderloinModel.swift */ = {isa = PBXFileReference; lastKnownFileType = sourcecode.swift; path = PorkTenderloinModel.swift; sourceTree = "<group>"; };
		AA35ADBE2634E6B5002C8B8B /* test_model.tflite */ = {isa = PBXFileReference; lastKnownFileType = file; name = test_model.tflite; path = MeatSolver/test/model/test_model.tflite; sourceTree = SOURCE_ROOT; };
		AA35ADC626366093002C8B8B /* pork_tenderloin.tflite */ = {isa = PBXFileReference; lastKnownFileType = file; name = pork_tenderloin.tflite; path = MeatSolver/model/pork_tenderloin.tflite; sourceTree = SOURCE_ROOT; };
		AAD18481262BA124001E7E76 /* MeatModeler.app */ = {isa = PBXFileReference; explicitFileType = wrapper.application; includeInIndex = 0; path = MeatModeler.app; sourceTree = BUILT_PRODUCTS_DIR; };
		AAD18484262BA124001E7E76 /* MeatModelerApp.swift */ = {isa = PBXFileReference; lastKnownFileType = sourcecode.swift; path = MeatModelerApp.swift; sourceTree = "<group>"; };
		AAD18486262BA124001E7E76 /* MainView.swift */ = {isa = PBXFileReference; lastKnownFileType = sourcecode.swift; path = MainView.swift; sourceTree = "<group>"; };
		AAD18488262BA12C001E7E76 /* Assets.xcassets */ = {isa = PBXFileReference; lastKnownFileType = folder.assetcatalog; path = Assets.xcassets; sourceTree = "<group>"; };
		AAD1848B262BA12C001E7E76 /* Preview Assets.xcassets */ = {isa = PBXFileReference; lastKnownFileType = folder.assetcatalog; path = "Preview Assets.xcassets"; sourceTree = "<group>"; };
		AAD1848D262BA12C001E7E76 /* Info.plist */ = {isa = PBXFileReference; lastKnownFileType = text.plist.xml; path = Info.plist; sourceTree = "<group>"; };
		AAD18492262BA12C001E7E76 /* MeatModelerTests.xctest */ = {isa = PBXFileReference; explicitFileType = wrapper.cfbundle; includeInIndex = 0; path = MeatModelerTests.xctest; sourceTree = BUILT_PRODUCTS_DIR; };
		AAD18496262BA12C001E7E76 /* MeatModelerTests.swift */ = {isa = PBXFileReference; lastKnownFileType = sourcecode.swift; path = MeatModelerTests.swift; sourceTree = "<group>"; };
		AAD18498262BA12C001E7E76 /* Info.plist */ = {isa = PBXFileReference; lastKnownFileType = text.plist.xml; path = Info.plist; sourceTree = "<group>"; };
		AAD1849D262BA12C001E7E76 /* MeatModelerUITests.xctest */ = {isa = PBXFileReference; explicitFileType = wrapper.cfbundle; includeInIndex = 0; path = MeatModelerUITests.xctest; sourceTree = BUILT_PRODUCTS_DIR; };
		AAD184A1262BA12C001E7E76 /* MeatModelerUITests.swift */ = {isa = PBXFileReference; lastKnownFileType = sourcecode.swift; path = MeatModelerUITests.swift; sourceTree = "<group>"; };
		AAD184A3262BA12C001E7E76 /* Info.plist */ = {isa = PBXFileReference; lastKnownFileType = text.plist.xml; path = Info.plist; sourceTree = "<group>"; };
		AAD184B9262BA6F0001E7E76 /* ConfigurationView.swift */ = {isa = PBXFileReference; lastKnownFileType = sourcecode.swift; path = ConfigurationView.swift; sourceTree = "<group>"; };
		AAD184C1262BA882001E7E76 /* Configuration.swift */ = {isa = PBXFileReference; lastKnownFileType = sourcecode.swift; path = Configuration.swift; sourceTree = "<group>"; };
		AAD184CC262BCDE2001E7E76 /* ResultsView.swift */ = {isa = PBXFileReference; lastKnownFileType = sourcecode.swift; path = ResultsView.swift; sourceTree = "<group>"; };
		B1BF65985D23E548D45AC876 /* Pods_MeatModeler.framework */ = {isa = PBXFileReference; explicitFileType = wrapper.framework; includeInIndex = 0; path = Pods_MeatModeler.framework; sourceTree = BUILT_PRODUCTS_DIR; };
		D18C3276B8D0F89631C27921 /* Pods-MeatModelerTests.debug.xcconfig */ = {isa = PBXFileReference; includeInIndex = 1; lastKnownFileType = text.xcconfig; name = "Pods-MeatModelerTests.debug.xcconfig"; path = "Target Support Files/Pods-MeatModelerTests/Pods-MeatModelerTests.debug.xcconfig"; sourceTree = "<group>"; };
		EA8124AC7E1DF0A9D51CDA18 /* Pods_MeatModelerTests.framework */ = {isa = PBXFileReference; explicitFileType = wrapper.framework; includeInIndex = 0; path = Pods_MeatModelerTests.framework; sourceTree = BUILT_PRODUCTS_DIR; };
		F7F10953295689A450B1AC41 /* Pods-MeatModelerTests.release.xcconfig */ = {isa = PBXFileReference; includeInIndex = 1; lastKnownFileType = text.xcconfig; name = "Pods-MeatModelerTests.release.xcconfig"; path = "Target Support Files/Pods-MeatModelerTests/Pods-MeatModelerTests.release.xcconfig"; sourceTree = "<group>"; };
/* End PBXFileReference section */

/* Begin PBXFrameworksBuildPhase section */
		AAD1847E262BA124001E7E76 /* Frameworks */ = {
			isa = PBXFrameworksBuildPhase;
			buildActionMask = 2147483647;
			files = (
				AAD184C8262BCCBA001E7E76 /* SwiftUICharts in Frameworks */,
				C762071C07F08C46EC1749F6 /* Pods_MeatModeler.framework in Frameworks */,
			);
			runOnlyForDeploymentPostprocessing = 0;
		};
		AAD1848F262BA12C001E7E76 /* Frameworks */ = {
			isa = PBXFrameworksBuildPhase;
			buildActionMask = 2147483647;
			files = (
				5909628C731A7A0A634819E9 /* Pods_MeatModelerTests.framework in Frameworks */,
			);
			runOnlyForDeploymentPostprocessing = 0;
		};
		AAD1849A262BA12C001E7E76 /* Frameworks */ = {
			isa = PBXFrameworksBuildPhase;
			buildActionMask = 2147483647;
			files = (
				28EC1E2B8DAB296CE6B995F8 /* Pods_MeatModeler_MeatModelerUITests.framework in Frameworks */,
			);
			runOnlyForDeploymentPostprocessing = 0;
		};
/* End PBXFrameworksBuildPhase section */

/* Begin PBXGroup section */
		322AD2A21CF11C03238704C2 /* Pods */ = {
			isa = PBXGroup;
			children = (
				477616846EB9751FA46D3912 /* Pods-MeatModeler.debug.xcconfig */,
				74C237214DDA8EC0C6FDD2FE /* Pods-MeatModeler.release.xcconfig */,
				0966DC2A6B392D2C2DC3028C /* Pods-MeatModeler-MeatModelerUITests.debug.xcconfig */,
				8AD1CB8D3EBBA49ACA0B248E /* Pods-MeatModeler-MeatModelerUITests.release.xcconfig */,
				D18C3276B8D0F89631C27921 /* Pods-MeatModelerTests.debug.xcconfig */,
				F7F10953295689A450B1AC41 /* Pods-MeatModelerTests.release.xcconfig */,
			);
			path = Pods;
			sourceTree = "<group>";
		};
		AA35ADAC2634A8E3002C8B8B /* Model */ = {
			isa = PBXGroup;
			children = (
				AA35ADC626366093002C8B8B /* pork_tenderloin.tflite */,
				AA35ADBE2634E6B5002C8B8B /* test_model.tflite */,
			);
			path = Model;
			sourceTree = "<group>";
		};
		AA35ADB22634A9F0002C8B8B /* ModelDataHandler */ = {
			isa = PBXGroup;
			children = (
				AA35ADB32634AA1D002C8B8B /* PorkTenderloinModel.swift */,
			);
			path = ModelDataHandler;
			sourceTree = "<group>";
		};
		AAD18478262BA124001E7E76 = {
			isa = PBXGroup;
			children = (
				AAD18483262BA124001E7E76 /* MeatModeler */,
				AAD18495262BA12C001E7E76 /* MeatModelerTests */,
				AAD184A0262BA12C001E7E76 /* MeatModelerUITests */,
				AAD18482262BA124001E7E76 /* Products */,
				322AD2A21CF11C03238704C2 /* Pods */,
				B68C2D4240CB11B380B5AA85 /* Frameworks */,
			);
			sourceTree = "<group>";
		};
		AAD18482262BA124001E7E76 /* Products */ = {
			isa = PBXGroup;
			children = (
				AAD18481262BA124001E7E76 /* MeatModeler.app */,
				AAD18492262BA12C001E7E76 /* MeatModelerTests.xctest */,
				AAD1849D262BA12C001E7E76 /* MeatModelerUITests.xctest */,
			);
			name = Products;
			sourceTree = "<group>";
		};
		AAD18483262BA124001E7E76 /* MeatModeler */ = {
			isa = PBXGroup;
			children = (
				AA35ADB22634A9F0002C8B8B /* ModelDataHandler */,
				AA35ADAC2634A8E3002C8B8B /* Model */,
				AAD184B5262BA667001E7E76 /* Views */,
				AAD18488262BA12C001E7E76 /* Assets.xcassets */,
				AAD18484262BA124001E7E76 /* MeatModelerApp.swift */,
				AAD1848D262BA12C001E7E76 /* Info.plist */,
				AAD1848A262BA12C001E7E76 /* Preview Content */,
				AAD184C1262BA882001E7E76 /* Configuration.swift */,
			);
			path = MeatModeler;
			sourceTree = "<group>";
		};
		AAD1848A262BA12C001E7E76 /* Preview Content */ = {
			isa = PBXGroup;
			children = (
				AAD1848B262BA12C001E7E76 /* Preview Assets.xcassets */,
			);
			path = "Preview Content";
			sourceTree = "<group>";
		};
		AAD18495262BA12C001E7E76 /* MeatModelerTests */ = {
			isa = PBXGroup;
			children = (
				AAD18496262BA12C001E7E76 /* MeatModelerTests.swift */,
				AAD18498262BA12C001E7E76 /* Info.plist */,
			);
			path = MeatModelerTests;
			sourceTree = "<group>";
		};
		AAD184A0262BA12C001E7E76 /* MeatModelerUITests */ = {
			isa = PBXGroup;
			children = (
				AAD184A1262BA12C001E7E76 /* MeatModelerUITests.swift */,
				AAD184A3262BA12C001E7E76 /* Info.plist */,
			);
			path = MeatModelerUITests;
			sourceTree = "<group>";
		};
		AAD184B5262BA667001E7E76 /* Views */ = {
			isa = PBXGroup;
			children = (
				AAD18486262BA124001E7E76 /* MainView.swift */,
				AAD184B9262BA6F0001E7E76 /* ConfigurationView.swift */,
				AAD184CC262BCDE2001E7E76 /* ResultsView.swift */,
			);
			path = Views;
			sourceTree = "<group>";
		};
		B68C2D4240CB11B380B5AA85 /* Frameworks */ = {
			isa = PBXGroup;
			children = (
				B1BF65985D23E548D45AC876 /* Pods_MeatModeler.framework */,
				A9C04C3F889FCF42F9CCEEAD /* Pods_MeatModeler_MeatModelerUITests.framework */,
				EA8124AC7E1DF0A9D51CDA18 /* Pods_MeatModelerTests.framework */,
			);
			name = Frameworks;
			sourceTree = "<group>";
		};
/* End PBXGroup section */

/* Begin PBXNativeTarget section */
		AAD18480262BA124001E7E76 /* MeatModeler */ = {
			isa = PBXNativeTarget;
			buildConfigurationList = AAD184A6262BA12C001E7E76 /* Build configuration list for PBXNativeTarget "MeatModeler" */;
			buildPhases = (
				942526748F1FD7129FE8C708 /* [CP] Check Pods Manifest.lock */,
				AAD1847D262BA124001E7E76 /* Sources */,
				AAD1847E262BA124001E7E76 /* Frameworks */,
				AAD1847F262BA124001E7E76 /* Resources */,
			);
			buildRules = (
			);
			dependencies = (
			);
			name = MeatModeler;
			packageProductDependencies = (
				AAD184C7262BCCBA001E7E76 /* SwiftUICharts */,
			);
			productName = MeatModeler;
			productReference = AAD18481262BA124001E7E76 /* MeatModeler.app */;
			productType = "com.apple.product-type.application";
		};
		AAD18491262BA12C001E7E76 /* MeatModelerTests */ = {
			isa = PBXNativeTarget;
			buildConfigurationList = AAD184A9262BA12C001E7E76 /* Build configuration list for PBXNativeTarget "MeatModelerTests" */;
			buildPhases = (
				43308BA9AEB12E056D31F4AB /* [CP] Check Pods Manifest.lock */,
				AAD1848E262BA12C001E7E76 /* Sources */,
				AAD1848F262BA12C001E7E76 /* Frameworks */,
				AAD18490262BA12C001E7E76 /* Resources */,
			);
			buildRules = (
			);
			dependencies = (
				AAD18494262BA12C001E7E76 /* PBXTargetDependency */,
			);
			name = MeatModelerTests;
			productName = MeatModelerTests;
			productReference = AAD18492262BA12C001E7E76 /* MeatModelerTests.xctest */;
			productType = "com.apple.product-type.bundle.unit-test";
		};
		AAD1849C262BA12C001E7E76 /* MeatModelerUITests */ = {
			isa = PBXNativeTarget;
			buildConfigurationList = AAD184AC262BA12C001E7E76 /* Build configuration list for PBXNativeTarget "MeatModelerUITests" */;
			buildPhases = (
				78D11EED2F26112FAB8E501A /* [CP] Check Pods Manifest.lock */,
				AAD18499262BA12C001E7E76 /* Sources */,
				AAD1849A262BA12C001E7E76 /* Frameworks */,
				AAD1849B262BA12C001E7E76 /* Resources */,
			);
			buildRules = (
			);
			dependencies = (
				AAD1849F262BA12C001E7E76 /* PBXTargetDependency */,
			);
			name = MeatModelerUITests;
			productName = MeatModelerUITests;
			productReference = AAD1849D262BA12C001E7E76 /* MeatModelerUITests.xctest */;
			productType = "com.apple.product-type.bundle.ui-testing";
		};
/* End PBXNativeTarget section */

/* Begin PBXProject section */
		AAD18479262BA124001E7E76 /* Project object */ = {
			isa = PBXProject;
			attributes = {
				LastSwiftUpdateCheck = 1240;
				LastUpgradeCheck = 1240;
				TargetAttributes = {
					AAD18480262BA124001E7E76 = {
						CreatedOnToolsVersion = 12.4;
					};
					AAD18491262BA12C001E7E76 = {
						CreatedOnToolsVersion = 12.4;
						TestTargetID = AAD18480262BA124001E7E76;
					};
					AAD1849C262BA12C001E7E76 = {
						CreatedOnToolsVersion = 12.4;
						TestTargetID = AAD18480262BA124001E7E76;
					};
				};
			};
			buildConfigurationList = AAD1847C262BA124001E7E76 /* Build configuration list for PBXProject "MeatModeler" */;
			compatibilityVersion = "Xcode 9.3";
			developmentRegion = en;
			hasScannedForEncodings = 0;
			knownRegions = (
				en,
				Base,
			);
			mainGroup = AAD18478262BA124001E7E76;
			packageReferences = (
				AAD184C6262BCCBA001E7E76 /* XCRemoteSwiftPackageReference "ChartView" */,
			);
			productRefGroup = AAD18482262BA124001E7E76 /* Products */;
			projectDirPath = "";
			projectRoot = "";
			targets = (
				AAD18480262BA124001E7E76 /* MeatModeler */,
				AAD18491262BA12C001E7E76 /* MeatModelerTests */,
				AAD1849C262BA12C001E7E76 /* MeatModelerUITests */,
			);
		};
/* End PBXProject section */

/* Begin PBXResourcesBuildPhase section */
		AAD1847F262BA124001E7E76 /* Resources */ = {
			isa = PBXResourcesBuildPhase;
			buildActionMask = 2147483647;
			files = (
				AAD1848C262BA12C001E7E76 /* Preview Assets.xcassets in Resources */,
				AAD18489262BA12C001E7E76 /* Assets.xcassets in Resources */,
				AA35ADBF2634E6B5002C8B8B /* test_model.tflite in Resources */,
				AA35ADC726366093002C8B8B /* pork_tenderloin.tflite in Resources */,
			);
			runOnlyForDeploymentPostprocessing = 0;
		};
		AAD18490262BA12C001E7E76 /* Resources */ = {
			isa = PBXResourcesBuildPhase;
			buildActionMask = 2147483647;
			files = (
			);
			runOnlyForDeploymentPostprocessing = 0;
		};
		AAD1849B262BA12C001E7E76 /* Resources */ = {
			isa = PBXResourcesBuildPhase;
			buildActionMask = 2147483647;
			files = (
			);
			runOnlyForDeploymentPostprocessing = 0;
		};
/* End PBXResourcesBuildPhase section */

/* Begin PBXShellScriptBuildPhase section */
		43308BA9AEB12E056D31F4AB /* [CP] Check Pods Manifest.lock */ = {
			isa = PBXShellScriptBuildPhase;
			buildActionMask = 2147483647;
			files = (
			);
			inputFileListPaths = (
			);
			inputPaths = (
				"${PODS_PODFILE_DIR_PATH}/Podfile.lock",
				"${PODS_ROOT}/Manifest.lock",
			);
			name = "[CP] Check Pods Manifest.lock";
			outputFileListPaths = (
			);
			outputPaths = (
				"$(DERIVED_FILE_DIR)/Pods-MeatModelerTests-checkManifestLockResult.txt",
			);
			runOnlyForDeploymentPostprocessing = 0;
			shellPath = /bin/sh;
			shellScript = "diff \"${PODS_PODFILE_DIR_PATH}/Podfile.lock\" \"${PODS_ROOT}/Manifest.lock\" > /dev/null\nif [ $? != 0 ] ; then\n    # print error to STDERR\n    echo \"error: The sandbox is not in sync with the Podfile.lock. Run 'pod install' or update your CocoaPods installation.\" >&2\n    exit 1\nfi\n# This output is used by Xcode 'outputs' to avoid re-running this script phase.\necho \"SUCCESS\" > \"${SCRIPT_OUTPUT_FILE_0}\"\n";
			showEnvVarsInLog = 0;
		};
		78D11EED2F26112FAB8E501A /* [CP] Check Pods Manifest.lock */ = {
			isa = PBXShellScriptBuildPhase;
			buildActionMask = 2147483647;
			files = (
			);
			inputFileListPaths = (
			);
			inputPaths = (
				"${PODS_PODFILE_DIR_PATH}/Podfile.lock",
				"${PODS_ROOT}/Manifest.lock",
			);
			name = "[CP] Check Pods Manifest.lock";
			outputFileListPaths = (
			);
			outputPaths = (
				"$(DERIVED_FILE_DIR)/Pods-MeatModeler-MeatModelerUITests-checkManifestLockResult.txt",
			);
			runOnlyForDeploymentPostprocessing = 0;
			shellPath = /bin/sh;
			shellScript = "diff \"${PODS_PODFILE_DIR_PATH}/Podfile.lock\" \"${PODS_ROOT}/Manifest.lock\" > /dev/null\nif [ $? != 0 ] ; then\n    # print error to STDERR\n    echo \"error: The sandbox is not in sync with the Podfile.lock. Run 'pod install' or update your CocoaPods installation.\" >&2\n    exit 1\nfi\n# This output is used by Xcode 'outputs' to avoid re-running this script phase.\necho \"SUCCESS\" > \"${SCRIPT_OUTPUT_FILE_0}\"\n";
			showEnvVarsInLog = 0;
		};
		942526748F1FD7129FE8C708 /* [CP] Check Pods Manifest.lock */ = {
			isa = PBXShellScriptBuildPhase;
			buildActionMask = 2147483647;
			files = (
			);
			inputFileListPaths = (
			);
			inputPaths = (
				"${PODS_PODFILE_DIR_PATH}/Podfile.lock",
				"${PODS_ROOT}/Manifest.lock",
			);
			name = "[CP] Check Pods Manifest.lock";
			outputFileListPaths = (
			);
			outputPaths = (
				"$(DERIVED_FILE_DIR)/Pods-MeatModeler-checkManifestLockResult.txt",
			);
			runOnlyForDeploymentPostprocessing = 0;
			shellPath = /bin/sh;
			shellScript = "diff \"${PODS_PODFILE_DIR_PATH}/Podfile.lock\" \"${PODS_ROOT}/Manifest.lock\" > /dev/null\nif [ $? != 0 ] ; then\n    # print error to STDERR\n    echo \"error: The sandbox is not in sync with the Podfile.lock. Run 'pod install' or update your CocoaPods installation.\" >&2\n    exit 1\nfi\n# This output is used by Xcode 'outputs' to avoid re-running this script phase.\necho \"SUCCESS\" > \"${SCRIPT_OUTPUT_FILE_0}\"\n";
			showEnvVarsInLog = 0;
		};
/* End PBXShellScriptBuildPhase section */

/* Begin PBXSourcesBuildPhase section */
		AAD1847D262BA124001E7E76 /* Sources */ = {
			isa = PBXSourcesBuildPhase;
			buildActionMask = 2147483647;
			files = (
				AAD18487262BA124001E7E76 /* MainView.swift in Sources */,
				AAD184BA262BA6F0001E7E76 /* ConfigurationView.swift in Sources */,
				AA35ADB42634AA1D002C8B8B /* PorkTenderloinModel.swift in Sources */,
				AAD184C2262BA882001E7E76 /* Configuration.swift in Sources */,
				AAD184CD262BCDE2001E7E76 /* ResultsView.swift in Sources */,
				AAD18485262BA124001E7E76 /* MeatModelerApp.swift in Sources */,
			);
			runOnlyForDeploymentPostprocessing = 0;
		};
		AAD1848E262BA12C001E7E76 /* Sources */ = {
			isa = PBXSourcesBuildPhase;
			buildActionMask = 2147483647;
			files = (
				AAD18497262BA12C001E7E76 /* MeatModelerTests.swift in Sources */,
			);
			runOnlyForDeploymentPostprocessing = 0;
		};
		AAD18499262BA12C001E7E76 /* Sources */ = {
			isa = PBXSourcesBuildPhase;
			buildActionMask = 2147483647;
			files = (
				AAD184A2262BA12C001E7E76 /* MeatModelerUITests.swift in Sources */,
			);
			runOnlyForDeploymentPostprocessing = 0;
		};
/* End PBXSourcesBuildPhase section */

/* Begin PBXTargetDependency section */
		AAD18494262BA12C001E7E76 /* PBXTargetDependency */ = {
			isa = PBXTargetDependency;
			target = AAD18480262BA124001E7E76 /* MeatModeler */;
			targetProxy = AAD18493262BA12C001E7E76 /* PBXContainerItemProxy */;
		};
		AAD1849F262BA12C001E7E76 /* PBXTargetDependency */ = {
			isa = PBXTargetDependency;
			target = AAD18480262BA124001E7E76 /* MeatModeler */;
			targetProxy = AAD1849E262BA12C001E7E76 /* PBXContainerItemProxy */;
		};
/* End PBXTargetDependency section */

/* Begin XCBuildConfiguration section */
		AAD184A4262BA12C001E7E76 /* Debug */ = {
			isa = XCBuildConfiguration;
			buildSettings = {
				ALWAYS_SEARCH_USER_PATHS = NO;
				CLANG_ANALYZER_NONNULL = YES;
				CLANG_ANALYZER_NUMBER_OBJECT_CONVERSION = YES_AGGRESSIVE;
				CLANG_CXX_LANGUAGE_STANDARD = "gnu++14";
				CLANG_CXX_LIBRARY = "libc++";
				CLANG_ENABLE_MODULES = YES;
				CLANG_ENABLE_OBJC_ARC = YES;
				CLANG_ENABLE_OBJC_WEAK = YES;
				CLANG_WARN_BLOCK_CAPTURE_AUTORELEASING = YES;
				CLANG_WARN_BOOL_CONVERSION = YES;
				CLANG_WARN_COMMA = YES;
				CLANG_WARN_CONSTANT_CONVERSION = YES;
				CLANG_WARN_DEPRECATED_OBJC_IMPLEMENTATIONS = YES;
				CLANG_WARN_DIRECT_OBJC_ISA_USAGE = YES_ERROR;
				CLANG_WARN_DOCUMENTATION_COMMENTS = YES;
				CLANG_WARN_EMPTY_BODY = YES;
				CLANG_WARN_ENUM_CONVERSION = YES;
				CLANG_WARN_INFINITE_RECURSION = YES;
				CLANG_WARN_INT_CONVERSION = YES;
				CLANG_WARN_NON_LITERAL_NULL_CONVERSION = YES;
				CLANG_WARN_OBJC_IMPLICIT_RETAIN_SELF = YES;
				CLANG_WARN_OBJC_LITERAL_CONVERSION = YES;
				CLANG_WARN_OBJC_ROOT_CLASS = YES_ERROR;
				CLANG_WARN_QUOTED_INCLUDE_IN_FRAMEWORK_HEADER = YES;
				CLANG_WARN_RANGE_LOOP_ANALYSIS = YES;
				CLANG_WARN_STRICT_PROTOTYPES = YES;
				CLANG_WARN_SUSPICIOUS_MOVE = YES;
				CLANG_WARN_UNGUARDED_AVAILABILITY = YES_AGGRESSIVE;
				CLANG_WARN_UNREACHABLE_CODE = YES;
				CLANG_WARN__DUPLICATE_METHOD_MATCH = YES;
				COPY_PHASE_STRIP = NO;
				DEBUG_INFORMATION_FORMAT = dwarf;
				ENABLE_STRICT_OBJC_MSGSEND = YES;
				ENABLE_TESTABILITY = YES;
				GCC_C_LANGUAGE_STANDARD = gnu11;
				GCC_DYNAMIC_NO_PIC = NO;
				GCC_NO_COMMON_BLOCKS = YES;
				GCC_OPTIMIZATION_LEVEL = 0;
				GCC_PREPROCESSOR_DEFINITIONS = (
					"DEBUG=1",
					"$(inherited)",
				);
				GCC_WARN_64_TO_32_BIT_CONVERSION = YES;
				GCC_WARN_ABOUT_RETURN_TYPE = YES_ERROR;
				GCC_WARN_UNDECLARED_SELECTOR = YES;
				GCC_WARN_UNINITIALIZED_AUTOS = YES_AGGRESSIVE;
				GCC_WARN_UNUSED_FUNCTION = YES;
				GCC_WARN_UNUSED_VARIABLE = YES;
				IPHONEOS_DEPLOYMENT_TARGET = 14.4;
				MTL_ENABLE_DEBUG_INFO = INCLUDE_SOURCE;
				MTL_FAST_MATH = YES;
				ONLY_ACTIVE_ARCH = YES;
				SDKROOT = iphoneos;
				SWIFT_ACTIVE_COMPILATION_CONDITIONS = DEBUG;
				SWIFT_OPTIMIZATION_LEVEL = "-Onone";
			};
			name = Debug;
		};
		AAD184A5262BA12C001E7E76 /* Release */ = {
			isa = XCBuildConfiguration;
			buildSettings = {
				ALWAYS_SEARCH_USER_PATHS = NO;
				CLANG_ANALYZER_NONNULL = YES;
				CLANG_ANALYZER_NUMBER_OBJECT_CONVERSION = YES_AGGRESSIVE;
				CLANG_CXX_LANGUAGE_STANDARD = "gnu++14";
				CLANG_CXX_LIBRARY = "libc++";
				CLANG_ENABLE_MODULES = YES;
				CLANG_ENABLE_OBJC_ARC = YES;
				CLANG_ENABLE_OBJC_WEAK = YES;
				CLANG_WARN_BLOCK_CAPTURE_AUTORELEASING = YES;
				CLANG_WARN_BOOL_CONVERSION = YES;
				CLANG_WARN_COMMA = YES;
				CLANG_WARN_CONSTANT_CONVERSION = YES;
				CLANG_WARN_DEPRECATED_OBJC_IMPLEMENTATIONS = YES;
				CLANG_WARN_DIRECT_OBJC_ISA_USAGE = YES_ERROR;
				CLANG_WARN_DOCUMENTATION_COMMENTS = YES;
				CLANG_WARN_EMPTY_BODY = YES;
				CLANG_WARN_ENUM_CONVERSION = YES;
				CLANG_WARN_INFINITE_RECURSION = YES;
				CLANG_WARN_INT_CONVERSION = YES;
				CLANG_WARN_NON_LITERAL_NULL_CONVERSION = YES;
				CLANG_WARN_OBJC_IMPLICIT_RETAIN_SELF = YES;
				CLANG_WARN_OBJC_LITERAL_CONVERSION = YES;
				CLANG_WARN_OBJC_ROOT_CLASS = YES_ERROR;
				CLANG_WARN_QUOTED_INCLUDE_IN_FRAMEWORK_HEADER = YES;
				CLANG_WARN_RANGE_LOOP_ANALYSIS = YES;
				CLANG_WARN_STRICT_PROTOTYPES = YES;
				CLANG_WARN_SUSPICIOUS_MOVE = YES;
				CLANG_WARN_UNGUARDED_AVAILABILITY = YES_AGGRESSIVE;
				CLANG_WARN_UNREACHABLE_CODE = YES;
				CLANG_WARN__DUPLICATE_METHOD_MATCH = YES;
				COPY_PHASE_STRIP = NO;
				DEBUG_INFORMATION_FORMAT = "dwarf-with-dsym";
				ENABLE_NS_ASSERTIONS = NO;
				ENABLE_STRICT_OBJC_MSGSEND = YES;
				GCC_C_LANGUAGE_STANDARD = gnu11;
				GCC_NO_COMMON_BLOCKS = YES;
				GCC_WARN_64_TO_32_BIT_CONVERSION = YES;
				GCC_WARN_ABOUT_RETURN_TYPE = YES_ERROR;
				GCC_WARN_UNDECLARED_SELECTOR = YES;
				GCC_WARN_UNINITIALIZED_AUTOS = YES_AGGRESSIVE;
				GCC_WARN_UNUSED_FUNCTION = YES;
				GCC_WARN_UNUSED_VARIABLE = YES;
				IPHONEOS_DEPLOYMENT_TARGET = 14.4;
				MTL_ENABLE_DEBUG_INFO = NO;
				MTL_FAST_MATH = YES;
				SDKROOT = iphoneos;
				SWIFT_COMPILATION_MODE = wholemodule;
				SWIFT_OPTIMIZATION_LEVEL = "-O";
				VALIDATE_PRODUCT = YES;
			};
			name = Release;
		};
		AAD184A7262BA12C001E7E76 /* Debug */ = {
			isa = XCBuildConfiguration;
			baseConfigurationReference = 477616846EB9751FA46D3912 /* Pods-MeatModeler.debug.xcconfig */;
			buildSettings = {
				ASSETCATALOG_COMPILER_APPICON_NAME = AppIcon;
				ASSETCATALOG_COMPILER_GLOBAL_ACCENT_COLOR_NAME = AccentColor;
				CODE_SIGN_STYLE = Automatic;
				DEVELOPMENT_ASSET_PATHS = "\"MeatModeler/Preview Content\"";
				DEVELOPMENT_TEAM = W6X7YWSFNB;
				ENABLE_PREVIEWS = YES;
				INFOPLIST_FILE = MeatModeler/Info.plist;
				IPHONEOS_DEPLOYMENT_TARGET = 14.0;
				LD_RUNPATH_SEARCH_PATHS = (
					"$(inherited)",
					"@executable_path/Frameworks",
				);
				PRODUCT_BUNDLE_IDENTIFIER = com.broscience.MeatModeler;
				PRODUCT_NAME = "$(TARGET_NAME)";
				SWIFT_VERSION = 5.0;
				TARGETED_DEVICE_FAMILY = "1,2";
			};
			name = Debug;
		};
		AAD184A8262BA12C001E7E76 /* Release */ = {
			isa = XCBuildConfiguration;
			baseConfigurationReference = 74C237214DDA8EC0C6FDD2FE /* Pods-MeatModeler.release.xcconfig */;
			buildSettings = {
				ASSETCATALOG_COMPILER_APPICON_NAME = AppIcon;
				ASSETCATALOG_COMPILER_GLOBAL_ACCENT_COLOR_NAME = AccentColor;
				CODE_SIGN_STYLE = Automatic;
				DEVELOPMENT_ASSET_PATHS = "\"MeatModeler/Preview Content\"";
				DEVELOPMENT_TEAM = W6X7YWSFNB;
				ENABLE_PREVIEWS = YES;
				INFOPLIST_FILE = MeatModeler/Info.plist;
				IPHONEOS_DEPLOYMENT_TARGET = 14.0;
				LD_RUNPATH_SEARCH_PATHS = (
					"$(inherited)",
					"@executable_path/Frameworks",
				);
				PRODUCT_BUNDLE_IDENTIFIER = com.broscience.MeatModeler;
				PRODUCT_NAME = "$(TARGET_NAME)";
				SWIFT_VERSION = 5.0;
				TARGETED_DEVICE_FAMILY = "1,2";
			};
			name = Release;
		};
		AAD184AA262BA12C001E7E76 /* Debug */ = {
			isa = XCBuildConfiguration;
			baseConfigurationReference = D18C3276B8D0F89631C27921 /* Pods-MeatModelerTests.debug.xcconfig */;
			buildSettings = {
				ALWAYS_EMBED_SWIFT_STANDARD_LIBRARIES = YES;
				BUNDLE_LOADER = "$(TEST_HOST)";
				CODE_SIGN_STYLE = Automatic;
				DEVELOPMENT_TEAM = W6X7YWSFNB;
				INFOPLIST_FILE = MeatModelerTests/Info.plist;
				IPHONEOS_DEPLOYMENT_TARGET = 14.0;
				LD_RUNPATH_SEARCH_PATHS = (
					"$(inherited)",
					"@executable_path/Frameworks",
					"@loader_path/Frameworks",
				);
				PRODUCT_BUNDLE_IDENTIFIER = com.broscience.MeatModelerTests;
				PRODUCT_NAME = "$(TARGET_NAME)";
				SWIFT_VERSION = 5.0;
				TARGETED_DEVICE_FAMILY = "1,2";
				TEST_HOST = "$(BUILT_PRODUCTS_DIR)/MeatModeler.app/MeatModeler";
			};
			name = Debug;
		};
		AAD184AB262BA12C001E7E76 /* Release */ = {
			isa = XCBuildConfiguration;
			baseConfigurationReference = F7F10953295689A450B1AC41 /* Pods-MeatModelerTests.release.xcconfig */;
			buildSettings = {
				ALWAYS_EMBED_SWIFT_STANDARD_LIBRARIES = YES;
				BUNDLE_LOADER = "$(TEST_HOST)";
				CODE_SIGN_STYLE = Automatic;
				DEVELOPMENT_TEAM = W6X7YWSFNB;
				INFOPLIST_FILE = MeatModelerTests/Info.plist;
				IPHONEOS_DEPLOYMENT_TARGET = 14.0;
				LD_RUNPATH_SEARCH_PATHS = (
					"$(inherited)",
					"@executable_path/Frameworks",
					"@loader_path/Frameworks",
				);
				PRODUCT_BUNDLE_IDENTIFIER = com.broscience.MeatModelerTests;
				PRODUCT_NAME = "$(TARGET_NAME)";
				SWIFT_VERSION = 5.0;
				TARGETED_DEVICE_FAMILY = "1,2";
				TEST_HOST = "$(BUILT_PRODUCTS_DIR)/MeatModeler.app/MeatModeler";
			};
			name = Release;
		};
		AAD184AD262BA12C001E7E76 /* Debug */ = {
			isa = XCBuildConfiguration;
			baseConfigurationReference = 0966DC2A6B392D2C2DC3028C /* Pods-MeatModeler-MeatModelerUITests.debug.xcconfig */;
			buildSettings = {
				ALWAYS_EMBED_SWIFT_STANDARD_LIBRARIES = YES;
				CODE_SIGN_STYLE = Automatic;
				DEVELOPMENT_TEAM = W6X7YWSFNB;
				INFOPLIST_FILE = MeatModelerUITests/Info.plist;
				LD_RUNPATH_SEARCH_PATHS = (
					"$(inherited)",
					"@executable_path/Frameworks",
					"@loader_path/Frameworks",
				);
				PRODUCT_BUNDLE_IDENTIFIER = com.broscience.MeatModelerUITests;
				PRODUCT_NAME = "$(TARGET_NAME)";
				SWIFT_VERSION = 5.0;
				TARGETED_DEVICE_FAMILY = "1,2";
				TEST_TARGET_NAME = MeatModeler;
			};
			name = Debug;
		};
		AAD184AE262BA12C001E7E76 /* Release */ = {
			isa = XCBuildConfiguration;
			baseConfigurationReference = 8AD1CB8D3EBBA49ACA0B248E /* Pods-MeatModeler-MeatModelerUITests.release.xcconfig */;
			buildSettings = {
				ALWAYS_EMBED_SWIFT_STANDARD_LIBRARIES = YES;
				CODE_SIGN_STYLE = Automatic;
				DEVELOPMENT_TEAM = W6X7YWSFNB;
				INFOPLIST_FILE = MeatModelerUITests/Info.plist;
				LD_RUNPATH_SEARCH_PATHS = (
					"$(inherited)",
					"@executable_path/Frameworks",
					"@loader_path/Frameworks",
				);
				PRODUCT_BUNDLE_IDENTIFIER = com.broscience.MeatModelerUITests;
				PRODUCT_NAME = "$(TARGET_NAME)";
				SWIFT_VERSION = 5.0;
				TARGETED_DEVICE_FAMILY = "1,2";
				TEST_TARGET_NAME = MeatModeler;
			};
			name = Release;
		};
/* End XCBuildConfiguration section */

/* Begin XCConfigurationList section */
		AAD1847C262BA124001E7E76 /* Build configuration list for PBXProject "MeatModeler" */ = {
			isa = XCConfigurationList;
			buildConfigurations = (
				AAD184A4262BA12C001E7E76 /* Debug */,
				AAD184A5262BA12C001E7E76 /* Release */,
			);
			defaultConfigurationIsVisible = 0;
			defaultConfigurationName = Release;
		};
		AAD184A6262BA12C001E7E76 /* Build configuration list for PBXNativeTarget "MeatModeler" */ = {
			isa = XCConfigurationList;
			buildConfigurations = (
				AAD184A7262BA12C001E7E76 /* Debug */,
				AAD184A8262BA12C001E7E76 /* Release */,
			);
			defaultConfigurationIsVisible = 0;
			defaultConfigurationName = Release;
		};
		AAD184A9262BA12C001E7E76 /* Build configuration list for PBXNativeTarget "MeatModelerTests" */ = {
			isa = XCConfigurationList;
			buildConfigurations = (
				AAD184AA262BA12C001E7E76 /* Debug */,
				AAD184AB262BA12C001E7E76 /* Release */,
			);
			defaultConfigurationIsVisible = 0;
			defaultConfigurationName = Release;
		};
		AAD184AC262BA12C001E7E76 /* Build configuration list for PBXNativeTarget "MeatModelerUITests" */ = {
			isa = XCConfigurationList;
			buildConfigurations = (
				AAD184AD262BA12C001E7E76 /* Debug */,
				AAD184AE262BA12C001E7E76 /* Release */,
			);
			defaultConfigurationIsVisible = 0;
			defaultConfigurationName = Release;
		};
/* End XCConfigurationList section */

/* Begin XCRemoteSwiftPackageReference section */
		AAD184C6262BCCBA001E7E76 /* XCRemoteSwiftPackageReference "ChartView" */ = {
			isa = XCRemoteSwiftPackageReference;
			repositoryURL = "https://github.com/AppPear/ChartView";
			requirement = {
				kind = upToNextMajorVersion;
				minimumVersion = 1.5.5;
			};
		};
/* End XCRemoteSwiftPackageReference section */

/* Begin XCSwiftPackageProductDependency section */
		AAD184C7262BCCBA001E7E76 /* SwiftUICharts */ = {
			isa = XCSwiftPackageProductDependency;
			package = AAD184C6262BCCBA001E7E76 /* XCRemoteSwiftPackageReference "ChartView" */;
			productName = SwiftUICharts;
		};
/* End XCSwiftPackageProductDependency section */
	};
	rootObject = AAD18479262BA124001E7E76 /* Project object */;
}
