{
  "object": {
    "pins": [
      {
        "package": "SwiftUICharts",
        "repositoryURL": "https://github.com/willdale/SwiftUICharts",
        "state": {
          "branch": null,
          "revision": "e6412e7bbc766be328aa7a8df00337a799d8c2c9",
          "version": "2.5.0"
        }
      }
    ]
  },
  "version": 1
}
